// !$*UTF8*$!
{
	archiveVersion = 1;
	classes = {
	};
	objectVersion = 50;
	objects = {

/* Begin PBXBuildFile section */
		DC0BA92C242D1C6600CCF91B /* AppDelegate.swift in Sources */ = {isa = PBXBuildFile; fileRef = DC0BA92B242D1C6600CCF91B /* AppDelegate.swift */; };
		DC0BA92E242D1C6600CCF91B /* SceneDelegate.swift in Sources */ = {isa = PBXBuildFile; fileRef = DC0BA92D242D1C6600CCF91B /* SceneDelegate.swift */; };
		DC0BA933242D1C6600CCF91B /* Main.storyboard in Resources */ = {isa = PBXBuildFile; fileRef = DC0BA931242D1C6600CCF91B /* Main.storyboard */; };
		DC0BA935242D1C7100CCF91B /* Assets.xcassets in Resources */ = {isa = PBXBuildFile; fileRef = DC0BA934242D1C7100CCF91B /* Assets.xcassets */; };
		DC0BA938242D1C7100CCF91B /* LaunchScreen.storyboard in Resources */ = {isa = PBXBuildFile; fileRef = DC0BA936242D1C7100CCF91B /* LaunchScreen.storyboard */; };
		DC0BA940242D1E0900CCF91B /* TableViewController.swift in Sources */ = {isa = PBXBuildFile; fileRef = DC0BA93F242D1E0900CCF91B /* TableViewController.swift */; };
		DC0BA942242D1E5C00CCF91B /* Model.swift in Sources */ = {isa = PBXBuildFile; fileRef = DC0BA941242D1E5C00CCF91B /* Model.swift */; };
/* End PBXBuildFile section */

/* Begin PBXFileReference section */
		DC0BA928242D1C6600CCF91B /* ToDoListing.app */ = {isa = PBXFileReference; explicitFileType = wrapper.application; includeInIndex = 0; path = ToDoListing.app; sourceTree = BUILT_PRODUCTS_DIR; };
		DC0BA92B242D1C6600CCF91B /* AppDelegate.swift */ = {isa = PBXFileReference; lastKnownFileType = sourcecode.swift; path = AppDelegate.swift; sourceTree = "<group>"; };
		DC0BA92D242D1C6600CCF91B /* SceneDelegate.swift */ = {isa = PBXFileReference; lastKnownFileType = sourcecode.swift; path = SceneDelegate.swift; sourceTree = "<group>"; };
		DC0BA932242D1C6600CCF91B /* Base */ = {isa = PBXFileReference; lastKnownFileType = file.storyboard; name = Base; path = Base.lproj/Main.storyboard; sourceTree = "<group>"; };
		DC0BA934242D1C7100CCF91B /* Assets.xcassets */ = {isa = PBXFileReference; lastKnownFileType = folder.assetcatalog; path = Assets.xcassets; sourceTree = "<group>"; };
		DC0BA937242D1C7100CCF91B /* Base */ = {isa = PBXFileReference; lastKnownFileType = file.storyboard; name = Base; path = Base.lproj/LaunchScreen.storyboard; sourceTree = "<group>"; };
		DC0BA939242D1C7100CCF91B /* Info.plist */ = {isa = PBXFileReference; lastKnownFileType = text.plist.xml; path = Info.plist; sourceTree = "<group>"; };
		DC0BA93F242D1E0900CCF91B /* TableViewController.swift */ = {isa = PBXFileReference; lastKnownFileType = sourcecode.swift; path = TableViewController.swift; sourceTree = "<group>"; };
		DC0BA941242D1E5C00CCF91B /* Model.swift */ = {isa = PBXFileReference; lastKnownFileType = sourcecode.swift; path = Model.swift; sourceTree = "<group>"; };
/* End PBXFileReference section */

/* Begin PBXFrameworksBuildPhase section */
		DC0BA925242D1C6500CCF91B /* Frameworks */ = {
			isa = PBXFrameworksBuildPhase;
			buildActionMask = 2147483647;
			files = (
			);
			runOnlyForDeploymentPostprocessing = 0;
		};
/* End PBXFrameworksBuildPhase section */

/* Begin PBXGroup section */
		DC0BA91F242D1C6500CCF91B = {
			isa = PBXGroup;
			children = (
				DC0BA92A242D1C6600CCF91B /* ToDoListing */,
				DC0BA929242D1C6600CCF91B /* Products */,
			);
			sourceTree = "<group>";
		};
		DC0BA929242D1C6600CCF91B /* Products */ = {
			isa = PBXGroup;
			children = (
				DC0BA928242D1C6600CCF91B /* ToDoListing.app */,
			);
			name = Products;
			sourceTree = "<group>";
		};
		DC0BA92A242D1C6600CCF91B /* ToDoListing */ = {
			isa = PBXGroup;
			children = (
				DC0BA92B242D1C6600CCF91B /* AppDelegate.swift */,
				DC0BA941242D1E5C00CCF91B /* Model.swift */,
				DC0BA92D242D1C6600CCF91B /* SceneDelegate.swift */,
				DC0BA93F242D1E0900CCF91B /* TableViewController.swift */,
				DC0BA931242D1C6600CCF91B /* Main.storyboard */,
				DC0BA934242D1C7100CCF91B /* Assets.xcassets */,
				DC0BA936242D1C7100CCF91B /* LaunchScreen.storyboard */,
				DC0BA939242D1C7100CCF91B /* Info.plist */,
			);
			path = ToDoListing;
			sourceTree = "<group>";
		};
/* End PBXGroup section */

/* Begin PBXNativeTarget section */
		DC0BA927242D1C6500CCF91B /* ToDoListing */ = {
			isa = PBXNativeTarget;
			buildConfigurationList = DC0BA93C242D1C7100CCF91B /* Build configuration list for PBXNativeTarget "ToDoListing" */;
			buildPhases = (
				DC0BA924242D1C6500CCF91B /* Sources */,
				DC0BA925242D1C6500CCF91B /* Frameworks */,
				DC0BA926242D1C6500CCF91B /* Resources */,
			);
			buildRules = (
			);
			dependencies = (
			);
			name = ToDoListing;
			productName = ToDoListing;
			productReference = DC0BA928242D1C6600CCF91B /* ToDoListing.app */;
			productType = "com.apple.product-type.application";
		};
/* End PBXNativeTarget section */

/* Begin PBXProject section */
		DC0BA920242D1C6500CCF91B /* Project object */ = {
			isa = PBXProject;
			attributes = {
				LastSwiftUpdateCheck = 1130;
				LastUpgradeCheck = 1130;
				ORGANIZATIONNAME = GennadyMakhmudov;
				TargetAttributes = {
					DC0BA927242D1C6500CCF91B = {
						CreatedOnToolsVersion = 11.3.1;
					};
				};
			};
			buildConfigurationList = DC0BA923242D1C6500CCF91B /* Build configuration list for PBXProject "ToDoListing" */;
			compatibilityVersion = "Xcode 9.3";
			developmentRegion = en;
			hasScannedForEncodings = 0;
			knownRegions = (
				en,
				Base,
			);
			mainGroup = DC0BA91F242D1C6500CCF91B;
			productRefGroup = DC0BA929242D1C6600CCF91B /* Products */;
			projectDirPath = "";
			projectRoot = "";
			targets = (
				DC0BA927242D1C6500CCF91B /* ToDoListing */,
			);
		};
/* End PBXProject section */

/* Begin PBXResourcesBuildPhase section */
		DC0BA926242D1C6500CCF91B /* Resources */ = {
			isa = PBXResourcesBuildPhase;
			buildActionMask = 2147483647;
			files = (
				DC0BA938242D1C7100CCF91B /* LaunchScreen.storyboard in Resources */,
				DC0BA935242D1C7100CCF91B /* Assets.xcassets in Resources */,
				DC0BA933242D1C6600CCF91B /* Main.storyboard in Resources */,
			);
			runOnlyForDeploymentPostprocessing = 0;
		};
/* End PBXResourcesBuildPhase section */

/* Begin PBXSourcesBuildPhase section */
		DC0BA924242D1C6500CCF91B /* Sources */ = {
			isa = PBXSourcesBuildPhase;
			buildActionMask = 2147483647;
			files = (
				DC0BA92C242D1C6600CCF91B /* AppDelegate.swift in Sources */,
				DC0BA940242D1E0900CCF91B /* TableViewController.swift in Sources */,
				DC0BA92E242D1C6600CCF91B /* SceneDelegate.swift in Sources */,
				DC0BA942242D1E5C00CCF91B /* Model.swift in Sources */,
			);
			runOnlyForDeploymentPostprocessing = 0;
		};
/* End PBXSourcesBuildPhase section */

/* Begin PBXVariantGroup section */
		DC0BA931242D1C6600CCF91B /* Main.storyboard */ = {
			isa = PBXVariantGroup;
			children = (
				DC0BA932242D1C6600CCF91B /* Base */,
			);
			name = Main.storyboard;
			sourceTree = "<group>";
		};
		DC0BA936242D1C7100CCF91B /* LaunchScreen.storyboard */ = {
			isa = PBXVariantGroup;
			children = (
				DC0BA937242D1C7100CCF91B /* Base */,
			);
			name = LaunchScreen.storyboard;
			sourceTree = "<group>";
		};
/* End PBXVariantGroup section */

/* Begin XCBuildConfiguration section */
		DC0BA93A242D1C7100CCF91B /* Debug */ = {
			isa = XCBuildConfiguration;
			buildSettings = {
				ALWAYS_SEARCH_USER_PATHS = NO;
				CLANG_ANALYZER_NONNULL = YES;
				CLANG_ANALYZER_NUMBER_OBJECT_CONVERSION = YES_AGGRESSIVE;
				CLANG_CXX_LANGUAGE_STANDARD = "gnu++14";
				CLANG_CXX_LIBRARY = "libc++";
				CLANG_ENABLE_MODULES = YES;
				CLANG_ENABLE_OBJC_ARC = YES;
				CLANG_ENABLE_OBJC_WEAK = YES;
				CLANG_WARN_BLOCK_CAPTURE_AUTORELEASING = YES;
				CLANG_WARN_BOOL_CONVERSION = YES;
				CLANG_WARN_COMMA = YES;
				CLANG_WARN_CONSTANT_CONVERSION = YES;
				CLANG_WARN_DEPRECATED_OBJC_IMPLEMENTATIONS = YES;
				CLANG_WARN_DIRECT_OBJC_ISA_USAGE = YES_ERROR;
				CLANG_WARN_DOCUMENTATION_COMMENTS = YES;
				CLANG_WARN_EMPTY_BODY = YES;
				CLANG_WARN_ENUM_CONVERSION = YES;
				CLANG_WARN_INFINITE_RECURSION = YES;
				CLANG_WARN_INT_CONVERSION = YES;
				CLANG_WARN_NON_LITERAL_NULL_CONVERSION = YES;
				CLANG_WARN_OBJC_IMPLICIT_RETAIN_SELF = YES;
				CLANG_WARN_OBJC_LITERAL_CONVERSION = YES;
				CLANG_WARN_OBJC_ROOT_CLASS = YES_ERROR;
				CLANG_WARN_RANGE_LOOP_ANALYSIS = YES;
				CLANG_WARN_STRICT_PROTOTYPES = YES;
				CLANG_WARN_SUSPICIOUS_MOVE = YES;
				CLANG_WARN_UNGUARDED_AVAILABILITY = YES_AGGRESSIVE;
				CLANG_WARN_UNREACHABLE_CODE = YES;
				CLANG_WARN__DUPLICATE_METHOD_MATCH = YES;
				COPY_PHASE_STRIP = NO;
				DEBUG_INFORMATION_FORMAT = dwarf;
				ENABLE_STRICT_OBJC_MSGSEND = YES;
				ENABLE_TESTABILITY = YES;
				GCC_C_LANGUAGE_STANDARD = gnu11;
				GCC_DYNAMIC_NO_PIC = NO;
				GCC_NO_COMMON_BLOCKS = YES;
				GCC_OPTIMIZATION_LEVEL = 0;
				GCC_PREPROCESSOR_DEFINITIONS = (
					"DEBUG=1",
					"$(inherited)",
				);
				GCC_WARN_64_TO_32_BIT_CONVERSION = YES;
				GCC_WARN_ABOUT_RETURN_TYPE = YES_ERROR;
				GCC_WARN_UNDECLARED_SELECTOR = YES;
				GCC_WARN_UNINITIALIZED_AUTOS = YES_AGGRESSIVE;
				GCC_WARN_UNUSED_FUNCTION = YES;
				GCC_WARN_UNUSED_VARIABLE = YES;
				IPHONEOS_DEPLOYMENT_TARGET = 13.2;
				MTL_ENABLE_DEBUG_INFO = INCLUDE_SOURCE;
				MTL_FAST_MATH = YES;
				ONLY_ACTIVE_ARCH = YES;
				SDKROOT = iphoneos;
				SWIFT_ACTIVE_COMPILATION_CONDITIONS = DEBUG;
				SWIFT_OPTIMIZATION_LEVEL = "-Onone";
			};
			name = Debug;
		};
		DC0BA93B242D1C7100CCF91B /* Release */ = {
			isa = XCBuildConfiguration;
			buildSettings = {
				ALWAYS_SEARCH_USER_PATHS = NO;
				CLANG_ANALYZER_NONNULL = YES;
				CLANG_ANALYZER_NUMBER_OBJECT_CONVERSION = YES_AGGRESSIVE;
				CLANG_CXX_LANGUAGE_STANDARD = "gnu++14";
				CLANG_CXX_LIBRARY = "libc++";
				CLANG_ENABLE_MODULES = YES;
				CLANG_ENABLE_OBJC_ARC = YES;
				CLANG_ENABLE_OBJC_WEAK = YES;
				CLANG_WARN_BLOCK_CAPTURE_AUTORELEASING = YES;
				CLANG_WARN_BOOL_CONVERSION = YES;
				CLANG_WARN_COMMA = YES;
				CLANG_WARN_CONSTANT_CONVERSION = YES;
				CLANG_WARN_DEPRECATED_OBJC_IMPLEMENTATIONS = YES;
				CLANG_WARN_DIRECT_OBJC_ISA_USAGE = YES_ERROR;
				CLANG_WARN_DOCUMENTATION_COMMENTS = YES;
				CLANG_WARN_EMPTY_BODY = YES;
				CLANG_WARN_ENUM_CONVERSION = YES;
				CLANG_WARN_INFINITE_RECURSION = YES;
				CLANG_WARN_INT_CONVERSION = YES;
				CLANG_WARN_NON_LITERAL_NULL_CONVERSION = YES;
				CLANG_WARN_OBJC_IMPLICIT_RETAIN_SELF = YES;
				CLANG_WARN_OBJC_LITERAL_CONVERSION = YES;
				CLANG_WARN_OBJC_ROOT_CLASS = YES_ERROR;
				CLANG_WARN_RANGE_LOOP_ANALYSIS = YES;
				CLANG_WARN_STRICT_PROTOTYPES = YES;
				CLANG_WARN_SUSPICIOUS_MOVE = YES;
				CLANG_WARN_UNGUARDED_AVAILABILITY = YES_AGGRESSIVE;
				CLANG_WARN_UNREACHABLE_CODE = YES;
				CLANG_WARN__DUPLICATE_METHOD_MATCH = YES;
				COPY_PHASE_STRIP = NO;
				DEBUG_INFORMATION_FORMAT = "dwarf-with-dsym";
				ENABLE_NS_ASSERTIONS = NO;
				ENABLE_STRICT_OBJC_MSGSEND = YES;
				GCC_C_LANGUAGE_STANDARD = gnu11;
				GCC_NO_COMMON_BLOCKS = YES;
				GCC_WARN_64_TO_32_BIT_CONVERSION = YES;
				GCC_WARN_ABOUT_RETURN_TYPE = YES_ERROR;
				GCC_WARN_UNDECLARED_SELECTOR = YES;
				GCC_WARN_UNINITIALIZED_AUTOS = YES_AGGRESSIVE;
				GCC_WARN_UNUSED_FUNCTION = YES;
				GCC_WARN_UNUSED_VARIABLE = YES;
				IPHONEOS_DEPLOYMENT_TARGET = 13.2;
				MTL_ENABLE_DEBUG_INFO = NO;
				MTL_FAST_MATH = YES;
				SDKROOT = iphoneos;
				SWIFT_COMPILATION_MODE = wholemodule;
				SWIFT_OPTIMIZATION_LEVEL = "-O";
				VALIDATE_PRODUCT = YES;
			};
			name = Release;
		};
		DC0BA93D242D1C7100CCF91B /* Debug */ = {
			isa = XCBuildConfiguration;
			buildSettings = {
				ASSETCATALOG_COMPILER_APPICON_NAME = AppIcon;
				CODE_SIGN_STYLE = Automatic;
				DEVELOPMENT_TEAM = B6H4UZ65HT;
				INFOPLIST_FILE = ToDoListing/Info.plist;
				LD_RUNPATH_SEARCH_PATHS = (
					"$(inherited)",
					"@executable_path/Frameworks",
				);
				PRODUCT_BUNDLE_IDENTIFIER = GennadyMakhmudov.ToDoListing;
				PRODUCT_NAME = "$(TARGET_NAME)";
				SWIFT_VERSION = 5.0;
				TARGETED_DEVICE_FAMILY = "1,2";
			};
			name = Debug;
		};
		DC0BA93E242D1C7100CCF91B /* Release */ = {
			isa = XCBuildConfiguration;
			buildSettings = {
				ASSETCATALOG_COMPILER_APPICON_NAME = AppIcon;
				CODE_SIGN_STYLE = Automatic;
				DEVELOPMENT_TEAM = B6H4UZ65HT;
				INFOPLIST_FILE = ToDoListing/Info.plist;
				LD_RUNPATH_SEARCH_PATHS = (
					"$(inherited)",
					"@executable_path/Frameworks",
				);
				PRODUCT_BUNDLE_IDENTIFIER = GennadyMakhmudov.ToDoListing;
				PRODUCT_NAME = "$(TARGET_NAME)";
				SWIFT_VERSION = 5.0;
				TARGETED_DEVICE_FAMILY = "1,2";
			};
			name = Release;
		};
/* End XCBuildConfiguration section */

/* Begin XCConfigurationList section */
		DC0BA923242D1C6500CCF91B /* Build configuration list for PBXProject "ToDoListing" */ = {
			isa = XCConfigurationList;
			buildConfigurations = (
				DC0BA93A242D1C7100CCF91B /* Debug */,
				DC0BA93B242D1C7100CCF91B /* Release */,
			);
			defaultConfigurationIsVisible = 0;
			defaultConfigurationName = Release;
		};
		DC0BA93C242D1C7100CCF91B /* Build configuration list for PBXNativeTarget "ToDoListing" */ = {
			isa = XCConfigurationList;
			buildConfigurations = (
				DC0BA93D242D1C7100CCF91B /* Debug */,
				DC0BA93E242D1C7100CCF91B /* Release */,
			);
			defaultConfigurationIsVisible = 0;
			defaultConfigurationName = Release;
		};
/* End XCConfigurationList section */
	};
	rootObject = DC0BA920242D1C6500CCF91B /* Project object */;
}
